
Microsoft Visual Studio Solution File, Format Version 12.00
# Visual Studio 15
VisualStudioVersion = 15.0.28307.421
MinimumVisualStudioVersion = 10.0.40219.1
Project("{9A19103F-16F7-4668-BE54-9A1E7A4F7556}") = "ApertureLabs.LibraryApi.Client", "ApertureLabs.LibraryApi.Client\ApertureLabs.LibraryApi.Client.csproj", "{0ED93D40-C53D-4531-8513-B3A82198D306}"
EndProject
Project("{FAE04EC0-301F-11D3-BF4B-00C04F79EFBC}") = "ApertureLabs.LibraryApiClient.Core.Tests", "ApertureLabs.LibraryApiClient.Core.Tests\ApertureLabs.LibraryApiClient.Core.Tests.csproj", "{1D93F9EF-AD63-4E17-AD9F-90329023379F}"
EndProject
Global
	GlobalSection(SolutionConfigurationPlatforms) = preSolution
		Debug|Any CPU = Debug|Any CPU
		Release|Any CPU = Release|Any CPU
	EndGlobalSection
	GlobalSection(ProjectConfigurationPlatforms) = postSolution
		{0ED93D40-C53D-4531-8513-B3A82198D306}.Debug|Any CPU.ActiveCfg = Debug|Any CPU
		{0ED93D40-C53D-4531-8513-B3A82198D306}.Debug|Any CPU.Build.0 = Debug|Any CPU
		{0ED93D40-C53D-4531-8513-B3A82198D306}.Release|Any CPU.ActiveCfg = Release|Any CPU
		{0ED93D40-C53D-4531-8513-B3A82198D306}.Release|Any CPU.Build.0 = Release|Any CPU
		{1D93F9EF-AD63-4E17-AD9F-90329023379F}.Debug|Any CPU.ActiveCfg = Debug|Any CPU
		{1D93F9EF-AD63-4E17-AD9F-90329023379F}.Debug|Any CPU.Build.0 = Debug|Any CPU
		{1D93F9EF-AD63-4E17-AD9F-90329023379F}.Release|Any CPU.ActiveCfg = Release|Any CPU
		{1D93F9EF-AD63-4E17-AD9F-90329023379F}.Release|Any CPU.Build.0 = Release|Any CPU
	EndGlobalSection
	GlobalSection(SolutionProperties) = preSolution
		HideSolutionNode = FALSE
	EndGlobalSection
	GlobalSection(ExtensibilityGlobals) = postSolution
		SolutionGuid = {5885B15A-1CDC-482C-9637-FD406323CB24}
	EndGlobalSection
EndGlobal
